// !$*UTF8*$!
{
	archiveVersion = 1;
	classes = {
	};
	objectVersion = 56;
	objects = {

/* Begin PBXBuildFile section */
		5F519EAB2930537100D3646E /* LaunchView.swift in Sources */ = {isa = PBXBuildFile; fileRef = 5F519EAA2930537100D3646E /* LaunchView.swift */; };
		5F7636142921E803007EE253 /* ContentView.swift in Sources */ = {isa = PBXBuildFile; fileRef = 5F7636132921E802007EE253 /* ContentView.swift */; };
		5F7636162921E8D2007EE253 /* PlantDetailView.swift in Sources */ = {isa = PBXBuildFile; fileRef = 5F7636152921E8D2007EE253 /* PlantDetailView.swift */; };
		5FE49734291F36AF0068EE12 /* PlantManager.swift in Sources */ = {isa = PBXBuildFile; fileRef = 5FE49733291F36AF0068EE12 /* PlantManager.swift */; };
		C69E05C3290CBC97008A449E /* AddCustomPlantView.swift in Sources */ = {isa = PBXBuildFile; fileRef = C69E05C2290CBC97008A449E /* AddCustomPlantView.swift */; };
		D90CD384292FB3BC003DB6E7 /* Notifications.swift in Sources */ = {isa = PBXBuildFile; fileRef = D90CD383292FB3BC003DB6E7 /* Notifications.swift */; };
		D91B865B2915FAB600631102 /* PlantClass.swift in Sources */ = {isa = PBXBuildFile; fileRef = D91B865A2915FAB600631102 /* PlantClass.swift */; };
		D91B865D291601E300631102 /* PlantConfirmationView.swift in Sources */ = {isa = PBXBuildFile; fileRef = D91B865C291601E300631102 /* PlantConfirmationView.swift */; };
		D9216777290391A20002F405 /* grassApp.swift in Sources */ = {isa = PBXBuildFile; fileRef = D9216776290391A20002F405 /* grassApp.swift */; };
		D9216779290391A20002F405 /* OnboardingView.swift in Sources */ = {isa = PBXBuildFile; fileRef = D9216778290391A20002F405 /* OnboardingView.swift */; };
		D921677B290391A40002F405 /* Assets.xcassets in Resources */ = {isa = PBXBuildFile; fileRef = D921677A290391A40002F405 /* Assets.xcassets */; };
		D921677F290391A40002F405 /* Preview Assets.xcassets in Resources */ = {isa = PBXBuildFile; fileRef = D921677E290391A40002F405 /* Preview Assets.xcassets */; };
/* End PBXBuildFile section */

/* Begin PBXCopyFilesBuildPhase section */
		D94168932918D3F000E001DD /* Embed Foundation Extensions */ = {
			isa = PBXCopyFilesBuildPhase;
			buildActionMask = 2147483647;
			dstPath = "";
			dstSubfolderSpec = 13;
			files = (
			);
			name = "Embed Foundation Extensions";
			runOnlyForDeploymentPostprocessing = 0;
		};
/* End PBXCopyFilesBuildPhase section */

/* Begin PBXFileReference section */
		5F519EAA2930537100D3646E /* LaunchView.swift */ = {isa = PBXFileReference; lastKnownFileType = sourcecode.swift; name = LaunchView.swift; path = ../LaunchView.swift; sourceTree = "<group>"; };
		5F7636132921E802007EE253 /* ContentView.swift */ = {isa = PBXFileReference; lastKnownFileType = sourcecode.swift; path = ContentView.swift; sourceTree = "<group>"; };
		5F7636152921E8D2007EE253 /* PlantDetailView.swift */ = {isa = PBXFileReference; lastKnownFileType = sourcecode.swift; path = PlantDetailView.swift; sourceTree = "<group>"; };
		5FE49733291F36AF0068EE12 /* PlantManager.swift */ = {isa = PBXFileReference; lastKnownFileType = sourcecode.swift; path = PlantManager.swift; sourceTree = "<group>"; };
		C69E05C2290CBC97008A449E /* AddCustomPlantView.swift */ = {isa = PBXFileReference; lastKnownFileType = sourcecode.swift; path = AddCustomPlantView.swift; sourceTree = "<group>"; };
		D90CD383292FB3BC003DB6E7 /* Notifications.swift */ = {isa = PBXFileReference; lastKnownFileType = sourcecode.swift; path = Notifications.swift; sourceTree = "<group>"; };
		D91B865A2915FAB600631102 /* PlantClass.swift */ = {isa = PBXFileReference; lastKnownFileType = sourcecode.swift; path = PlantClass.swift; sourceTree = "<group>"; };
		D91B865C291601E300631102 /* PlantConfirmationView.swift */ = {isa = PBXFileReference; lastKnownFileType = sourcecode.swift; path = PlantConfirmationView.swift; sourceTree = "<group>"; };
		D9216773290391A20002F405 /* grass.app */ = {isa = PBXFileReference; explicitFileType = wrapper.application; includeInIndex = 0; path = grass.app; sourceTree = BUILT_PRODUCTS_DIR; };
		D9216776290391A20002F405 /* grassApp.swift */ = {isa = PBXFileReference; lastKnownFileType = sourcecode.swift; path = grassApp.swift; sourceTree = "<group>"; };
		D9216778290391A20002F405 /* OnboardingView.swift */ = {isa = PBXFileReference; lastKnownFileType = sourcecode.swift; path = OnboardingView.swift; sourceTree = "<group>"; };
		D921677A290391A40002F405 /* Assets.xcassets */ = {isa = PBXFileReference; lastKnownFileType = folder.assetcatalog; path = Assets.xcassets; sourceTree = "<group>"; };
		D921677C290391A40002F405 /* grass.entitlements */ = {isa = PBXFileReference; lastKnownFileType = text.plist.entitlements; path = grass.entitlements; sourceTree = "<group>"; };
		D921677E290391A40002F405 /* Preview Assets.xcassets */ = {isa = PBXFileReference; lastKnownFileType = folder.assetcatalog; path = "Preview Assets.xcassets"; sourceTree = "<group>"; };
		D9F231BF291F505F00EB91E1 /* Info.plist */ = {isa = PBXFileReference; lastKnownFileType = text.plist; path = Info.plist; sourceTree = "<group>"; };
/* End PBXFileReference section */

/* Begin PBXFrameworksBuildPhase section */
		D9216770290391A20002F405 /* Frameworks */ = {
			isa = PBXFrameworksBuildPhase;
			buildActionMask = 2147483647;
			files = (
			);
			runOnlyForDeploymentPostprocessing = 0;
		};
/* End PBXFrameworksBuildPhase section */

/* Begin PBXGroup section */
		5F519EA92930535300D3646E /* Recovered References */ = {
			isa = PBXGroup;
			children = (
				5F79D6FF292F02BE00390DB1 /* LaunchView.swift */,
			);
			name = "Recovered References";
			sourceTree = "<group>";
		};
		D921676A290391A20002F405 = {
			isa = PBXGroup;
			children = (
				D9216775290391A20002F405 /* grass */,
				D9216774290391A20002F405 /* Products */,
				5F519EA92930535300D3646E /* Recovered References */,
			);
			sourceTree = "<group>";
		};
		D9216774290391A20002F405 /* Products */ = {
			isa = PBXGroup;
			children = (
				D9216773290391A20002F405 /* grass.app */,
			);
			name = Products;
			sourceTree = "<group>";
		};
		D9216775290391A20002F405 /* grass */ = {
			isa = PBXGroup;
			children = (
				D9F231BF291F505F00EB91E1 /* Info.plist */,
				D9216778290391A20002F405 /* OnboardingView.swift */,
				D90CD383292FB3BC003DB6E7 /* Notifications.swift */,
				5F519EAA2930537100D3646E /* LaunchView.swift */,
				C69E05C2290CBC97008A449E /* AddCustomPlantView.swift */,
				5F7636132921E802007EE253 /* ContentView.swift */,
				D9216776290391A20002F405 /* grassApp.swift */,
				5F7636152921E8D2007EE253 /* PlantDetailView.swift */,
				5FE49733291F36AF0068EE12 /* PlantManager.swift */,
				D91B865A2915FAB600631102 /* PlantClass.swift */,
				D91B865C291601E300631102 /* PlantConfirmationView.swift */,
				D921677A290391A40002F405 /* Assets.xcassets */,
				D921677C290391A40002F405 /* grass.entitlements */,
				D921677D290391A40002F405 /* Preview Content */,
			);
			path = grass;
			sourceTree = "<group>";
		};
		D921677D290391A40002F405 /* Preview Content */ = {
			isa = PBXGroup;
			children = (
				D921677E290391A40002F405 /* Preview Assets.xcassets */,
			);
			path = "Preview Content";
			sourceTree = "<group>";
		};
/* End PBXGroup section */

/* Begin PBXNativeTarget section */
		D9216772290391A20002F405 /* grass */ = {
			isa = PBXNativeTarget;
			buildConfigurationList = D9216782290391A40002F405 /* Build configuration list for PBXNativeTarget "grass" */;
			buildPhases = (
				D921676F290391A20002F405 /* Sources */,
				D9216770290391A20002F405 /* Frameworks */,
				D9216771290391A20002F405 /* Resources */,
				D94168932918D3F000E001DD /* Embed Foundation Extensions */,
			);
			buildRules = (
			);
			dependencies = (
			);
			name = grass;
			productName = grass;
			productReference = D9216773290391A20002F405 /* grass.app */;
			productType = "com.apple.product-type.application";
		};
/* End PBXNativeTarget section */

/* Begin PBXProject section */
		D921676B290391A20002F405 /* Project object */ = {
			isa = PBXProject;
			attributes = {
				BuildIndependentTargetsInParallel = 1;
				LastSwiftUpdateCheck = 1400;
				LastUpgradeCheck = 1410;
				TargetAttributes = {
					D9216772290391A20002F405 = {
						CreatedOnToolsVersion = 14.0.1;
					};
				};
			};
			buildConfigurationList = D921676E290391A20002F405 /* Build configuration list for PBXProject "grass" */;
			compatibilityVersion = "Xcode 14.0";
			developmentRegion = en;
			hasScannedForEncodings = 0;
			knownRegions = (
				en,
				Base,
			);
			mainGroup = D921676A290391A20002F405;
			productRefGroup = D9216774290391A20002F405 /* Products */;
			projectDirPath = "";
			projectRoot = "";
			targets = (
				D9216772290391A20002F405 /* grass */,
			);
		};
/* End PBXProject section */

/* Begin PBXResourcesBuildPhase section */
		D9216771290391A20002F405 /* Resources */ = {
			isa = PBXResourcesBuildPhase;
			buildActionMask = 2147483647;
			files = (
				D921677F290391A40002F405 /* Preview Assets.xcassets in Resources */,
				D921677B290391A40002F405 /* Assets.xcassets in Resources */,
			);
			runOnlyForDeploymentPostprocessing = 0;
		};
/* End PBXResourcesBuildPhase section */

/* Begin PBXSourcesBuildPhase section */
		D921676F290391A20002F405 /* Sources */ = {
			isa = PBXSourcesBuildPhase;
			buildActionMask = 2147483647;
			files = (
				D9216779290391A20002F405 /* OnboardingView.swift in Sources */,
				5F519EAB2930537100D3646E /* LaunchView.swift in Sources */,
				C69E05C3290CBC97008A449E /* AddCustomPlantView.swift in Sources */,
				D9216777290391A20002F405 /* grassApp.swift in Sources */,
				5F7636162921E8D2007EE253 /* PlantDetailView.swift in Sources */,
				D90CD384292FB3BC003DB6E7 /* Notifications.swift in Sources */,
				D91B865D291601E300631102 /* PlantConfirmationView.swift in Sources */,
				5F7636142921E803007EE253 /* ContentView.swift in Sources */,
				D91B865B2915FAB600631102 /* PlantClass.swift in Sources */,
				5FE49734291F36AF0068EE12 /* PlantManager.swift in Sources */,
			);
			runOnlyForDeploymentPostprocessing = 0;
		};
/* End PBXSourcesBuildPhase section */

/* Begin XCBuildConfiguration section */
		D9216780290391A40002F405 /* Debug */ = {
			isa = XCBuildConfiguration;
			buildSettings = {
				ALWAYS_SEARCH_USER_PATHS = NO;
				CLANG_ANALYZER_NONNULL = YES;
				CLANG_ANALYZER_NUMBER_OBJECT_CONVERSION = YES_AGGRESSIVE;
				CLANG_CXX_LANGUAGE_STANDARD = "gnu++20";
				CLANG_ENABLE_MODULES = YES;
				CLANG_ENABLE_OBJC_ARC = YES;
				CLANG_ENABLE_OBJC_WEAK = YES;
				CLANG_WARN_BLOCK_CAPTURE_AUTORELEASING = YES;
				CLANG_WARN_BOOL_CONVERSION = YES;
				CLANG_WARN_COMMA = YES;
				CLANG_WARN_CONSTANT_CONVERSION = YES;
				CLANG_WARN_DEPRECATED_OBJC_IMPLEMENTATIONS = YES;
				CLANG_WARN_DIRECT_OBJC_ISA_USAGE = YES_ERROR;
				CLANG_WARN_DOCUMENTATION_COMMENTS = YES;
				CLANG_WARN_EMPTY_BODY = YES;
				CLANG_WARN_ENUM_CONVERSION = YES;
				CLANG_WARN_INFINITE_RECURSION = YES;
				CLANG_WARN_INT_CONVERSION = YES;
				CLANG_WARN_NON_LITERAL_NULL_CONVERSION = YES;
				CLANG_WARN_OBJC_IMPLICIT_RETAIN_SELF = YES;
				CLANG_WARN_OBJC_LITERAL_CONVERSION = YES;
				CLANG_WARN_OBJC_ROOT_CLASS = YES_ERROR;
				CLANG_WARN_QUOTED_INCLUDE_IN_FRAMEWORK_HEADER = YES;
				CLANG_WARN_RANGE_LOOP_ANALYSIS = YES;
				CLANG_WARN_STRICT_PROTOTYPES = YES;
				CLANG_WARN_SUSPICIOUS_MOVE = YES;
				CLANG_WARN_UNGUARDED_AVAILABILITY = YES_AGGRESSIVE;
				CLANG_WARN_UNREACHABLE_CODE = YES;
				CLANG_WARN__DUPLICATE_METHOD_MATCH = YES;
				COPY_PHASE_STRIP = NO;
				DEAD_CODE_STRIPPING = YES;
				DEBUG_INFORMATION_FORMAT = dwarf;
				ENABLE_STRICT_OBJC_MSGSEND = YES;
				ENABLE_TESTABILITY = YES;
				GCC_C_LANGUAGE_STANDARD = gnu11;
				GCC_DYNAMIC_NO_PIC = NO;
				GCC_NO_COMMON_BLOCKS = YES;
				GCC_OPTIMIZATION_LEVEL = 0;
				GCC_PREPROCESSOR_DEFINITIONS = (
					"DEBUG=1",
					"$(inherited)",
				);
				GCC_WARN_64_TO_32_BIT_CONVERSION = YES;
				GCC_WARN_ABOUT_RETURN_TYPE = YES_ERROR;
				GCC_WARN_UNDECLARED_SELECTOR = YES;
				GCC_WARN_UNINITIALIZED_AUTOS = YES_AGGRESSIVE;
				GCC_WARN_UNUSED_FUNCTION = YES;
				GCC_WARN_UNUSED_VARIABLE = YES;
				IPHONEOS_DEPLOYMENT_TARGET = 14.0;
				MTL_ENABLE_DEBUG_INFO = INCLUDE_SOURCE;
				MTL_FAST_MATH = YES;
				ONLY_ACTIVE_ARCH = YES;
				SWIFT_ACTIVE_COMPILATION_CONDITIONS = DEBUG;
				SWIFT_OPTIMIZATION_LEVEL = "-Onone";
			};
			name = Debug;
		};
		D9216781290391A40002F405 /* Release */ = {
			isa = XCBuildConfiguration;
			buildSettings = {
				ALWAYS_SEARCH_USER_PATHS = NO;
				CLANG_ANALYZER_NONNULL = YES;
				CLANG_ANALYZER_NUMBER_OBJECT_CONVERSION = YES_AGGRESSIVE;
				CLANG_CXX_LANGUAGE_STANDARD = "gnu++20";
				CLANG_ENABLE_MODULES = YES;
				CLANG_ENABLE_OBJC_ARC = YES;
				CLANG_ENABLE_OBJC_WEAK = YES;
				CLANG_WARN_BLOCK_CAPTURE_AUTORELEASING = YES;
				CLANG_WARN_BOOL_CONVERSION = YES;
				CLANG_WARN_COMMA = YES;
				CLANG_WARN_CONSTANT_CONVERSION = YES;
				CLANG_WARN_DEPRECATED_OBJC_IMPLEMENTATIONS = YES;
				CLANG_WARN_DIRECT_OBJC_ISA_USAGE = YES_ERROR;
				CLANG_WARN_DOCUMENTATION_COMMENTS = YES;
				CLANG_WARN_EMPTY_BODY = YES;
				CLANG_WARN_ENUM_CONVERSION = YES;
				CLANG_WARN_INFINITE_RECURSION = YES;
				CLANG_WARN_INT_CONVERSION = YES;
				CLANG_WARN_NON_LITERAL_NULL_CONVERSION = YES;
				CLANG_WARN_OBJC_IMPLICIT_RETAIN_SELF = YES;
				CLANG_WARN_OBJC_LITERAL_CONVERSION = YES;
				CLANG_WARN_OBJC_ROOT_CLASS = YES_ERROR;
				CLANG_WARN_QUOTED_INCLUDE_IN_FRAMEWORK_HEADER = YES;
				CLANG_WARN_RANGE_LOOP_ANALYSIS = YES;
				CLANG_WARN_STRICT_PROTOTYPES = YES;
				CLANG_WARN_SUSPICIOUS_MOVE = YES;
				CLANG_WARN_UNGUARDED_AVAILABILITY = YES_AGGRESSIVE;
				CLANG_WARN_UNREACHABLE_CODE = YES;
				CLANG_WARN__DUPLICATE_METHOD_MATCH = YES;
				COPY_PHASE_STRIP = NO;
				DEAD_CODE_STRIPPING = YES;
				DEBUG_INFORMATION_FORMAT = "dwarf-with-dsym";
				ENABLE_NS_ASSERTIONS = NO;
				ENABLE_STRICT_OBJC_MSGSEND = YES;
				GCC_C_LANGUAGE_STANDARD = gnu11;
				GCC_NO_COMMON_BLOCKS = YES;
				GCC_WARN_64_TO_32_BIT_CONVERSION = YES;
				GCC_WARN_ABOUT_RETURN_TYPE = YES_ERROR;
				GCC_WARN_UNDECLARED_SELECTOR = YES;
				GCC_WARN_UNINITIALIZED_AUTOS = YES_AGGRESSIVE;
				GCC_WARN_UNUSED_FUNCTION = YES;
				GCC_WARN_UNUSED_VARIABLE = YES;
				IPHONEOS_DEPLOYMENT_TARGET = 14.0;
				MTL_ENABLE_DEBUG_INFO = NO;
				MTL_FAST_MATH = YES;
				SWIFT_COMPILATION_MODE = wholemodule;
				SWIFT_OPTIMIZATION_LEVEL = "-O";
			};
			name = Release;
		};
		D9216783290391A40002F405 /* Debug */ = {
			isa = XCBuildConfiguration;
			buildSettings = {
				ALWAYS_EMBED_SWIFT_STANDARD_LIBRARIES = YES;
				ASSETCATALOG_COMPILER_APPICON_NAME = AppIcon;
				ASSETCATALOG_COMPILER_GLOBAL_ACCENT_COLOR_NAME = AccentColor;
				CODE_SIGN_ENTITLEMENTS = grass/grass.entitlements;
				CODE_SIGN_IDENTITY = "-";
				"CODE_SIGN_IDENTITY[sdk=iphoneos*]" = "Apple Development";
				"CODE_SIGN_IDENTITY[sdk=macosx*]" = "-";
				CODE_SIGN_STYLE = Automatic;
				CURRENT_PROJECT_VERSION = 1;
				DEAD_CODE_STRIPPING = YES;
				DEVELOPMENT_ASSET_PATHS = "\"grass/Preview Content\"";
				DEVELOPMENT_TEAM = U4679NLU6P;
				ENABLE_HARDENED_RUNTIME = YES;
				ENABLE_PREVIEWS = YES;
				GENERATE_INFOPLIST_FILE = YES;
				INFOPLIST_FILE = grass/Info.plist;
				INFOPLIST_KEY_CFBundleDisplayName = Grass;
				INFOPLIST_KEY_LSApplicationCategoryType = "public.app-category.utilities";
				"INFOPLIST_KEY_UIApplicationSceneManifest_Generation[sdk=iphoneos*]" = YES;
				"INFOPLIST_KEY_UIApplicationSceneManifest_Generation[sdk=iphonesimulator*]" = YES;
				"INFOPLIST_KEY_UIApplicationSupportsIndirectInputEvents[sdk=iphoneos*]" = YES;
				"INFOPLIST_KEY_UIApplicationSupportsIndirectInputEvents[sdk=iphonesimulator*]" = YES;
				"INFOPLIST_KEY_UILaunchScreen_Generation[sdk=iphoneos*]" = YES;
				"INFOPLIST_KEY_UILaunchScreen_Generation[sdk=iphonesimulator*]" = YES;
				INFOPLIST_KEY_UIStatusBarStyle = "";
				"INFOPLIST_KEY_UIStatusBarStyle[sdk=iphoneos*]" = UIStatusBarStyleDefault;
				"INFOPLIST_KEY_UIStatusBarStyle[sdk=iphonesimulator*]" = UIStatusBarStyleDefault;
				INFOPLIST_KEY_UISupportedInterfaceOrientations = UIInterfaceOrientationPortrait;
				INFOPLIST_KEY_UIUserInterfaceStyle = Light;
				IPHONEOS_DEPLOYMENT_TARGET = 15.5;
				LD_RUNPATH_SEARCH_PATHS = "@executable_path/Frameworks";
				"LD_RUNPATH_SEARCH_PATHS[sdk=macosx*]" = "@executable_path/../Frameworks";
				MACOSX_DEPLOYMENT_TARGET = 11.5;
				MARKETING_VERSION = 1.0;
				PRODUCT_BUNDLE_IDENTIFIER = sg.tk.grass;
				PRODUCT_NAME = "$(TARGET_NAME)";
				SDKROOT = auto;
				SUPPORTED_PLATFORMS = "iphoneos iphonesimulator macosx";
				SWIFT_EMIT_LOC_STRINGS = YES;
				SWIFT_VERSION = 5.0;
				TARGETED_DEVICE_FAMILY = "1,2";
			};
			name = Debug;
		};
		D9216784290391A40002F405 /* Release */ = {
			isa = XCBuildConfiguration;
			buildSettings = {
				ALWAYS_EMBED_SWIFT_STANDARD_LIBRARIES = YES;
				ASSETCATALOG_COMPILER_APPICON_NAME = AppIcon;
				ASSETCATALOG_COMPILER_GLOBAL_ACCENT_COLOR_NAME = AccentColor;
				CODE_SIGN_ENTITLEMENTS = grass/grass.entitlements;
				CODE_SIGN_IDENTITY = "-";
				"CODE_SIGN_IDENTITY[sdk=iphoneos*]" = "Apple Development";
				"CODE_SIGN_IDENTITY[sdk=macosx*]" = "-";
				CODE_SIGN_STYLE = Automatic;
				CURRENT_PROJECT_VERSION = 1;
				DEAD_CODE_STRIPPING = YES;
				DEVELOPMENT_ASSET_PATHS = "\"grass/Preview Content\"";
				DEVELOPMENT_TEAM = U4679NLU6P;
				ENABLE_HARDENED_RUNTIME = YES;
				ENABLE_PREVIEWS = YES;
				GENERATE_INFOPLIST_FILE = YES;
				INFOPLIST_FILE = grass/Info.plist;
				INFOPLIST_KEY_CFBundleDisplayName = Grass;
				INFOPLIST_KEY_LSApplicationCategoryType = "public.app-category.utilities";
				"INFOPLIST_KEY_UIApplicationSceneManifest_Generation[sdk=iphoneos*]" = YES;
				"INFOPLIST_KEY_UIApplicationSceneManifest_Generation[sdk=iphonesimulator*]" = YES;
				"INFOPLIST_KEY_UIApplicationSupportsIndirectInputEvents[sdk=iphoneos*]" = YES;
				"INFOPLIST_KEY_UIApplicationSupportsIndirectInputEvents[sdk=iphonesimulator*]" = YES;
				"INFOPLIST_KEY_UILaunchScreen_Generation[sdk=iphoneos*]" = YES;
				"INFOPLIST_KEY_UILaunchScreen_Generation[sdk=iphonesimulator*]" = YES;
				INFOPLIST_KEY_UIStatusBarStyle = "";
				"INFOPLIST_KEY_UIStatusBarStyle[sdk=iphoneos*]" = UIStatusBarStyleDefault;
				"INFOPLIST_KEY_UIStatusBarStyle[sdk=iphonesimulator*]" = UIStatusBarStyleDefault;
				INFOPLIST_KEY_UISupportedInterfaceOrientations = UIInterfaceOrientationPortrait;
				INFOPLIST_KEY_UIUserInterfaceStyle = Light;
				IPHONEOS_DEPLOYMENT_TARGET = 15.5;
				LD_RUNPATH_SEARCH_PATHS = "@executable_path/Frameworks";
				"LD_RUNPATH_SEARCH_PATHS[sdk=macosx*]" = "@executable_path/../Frameworks";
				MACOSX_DEPLOYMENT_TARGET = 11.5;
				MARKETING_VERSION = 1.0;
				PRODUCT_BUNDLE_IDENTIFIER = sg.tk.grass;
				PRODUCT_NAME = "$(TARGET_NAME)";
				SDKROOT = auto;
				SUPPORTED_PLATFORMS = "iphoneos iphonesimulator macosx";
				SWIFT_EMIT_LOC_STRINGS = YES;
				SWIFT_VERSION = 5.0;
				TARGETED_DEVICE_FAMILY = "1,2";
			};
			name = Release;
		};
/* End XCBuildConfiguration section */

/* Begin XCConfigurationList section */
		D921676E290391A20002F405 /* Build configuration list for PBXProject "grass" */ = {
			isa = XCConfigurationList;
			buildConfigurations = (
				D9216780290391A40002F405 /* Debug */,
				D9216781290391A40002F405 /* Release */,
			);
			defaultConfigurationIsVisible = 0;
			defaultConfigurationName = Release;
		};
		D9216782290391A40002F405 /* Build configuration list for PBXNativeTarget "grass" */ = {
			isa = XCConfigurationList;
			buildConfigurations = (
				D9216783290391A40002F405 /* Debug */,
				D9216784290391A40002F405 /* Release */,
			);
			defaultConfigurationIsVisible = 0;
			defaultConfigurationName = Release;
		};
/* End XCConfigurationList section */
	};
	rootObject = D921676B290391A20002F405 /* Project object */;
}
